
Microsoft Visual Studio Solution File, Format Version 12.00
# Visual Studio 14
VisualStudioVersion = 14.0.23107.0
MinimumVisualStudioVersion = 10.0.40219.1
Project("{FAE04EC0-301F-11D3-BF4B-00C04F79EFBC}") = "Viki.LoadRunner.Engine", "src\Viki.LoadRunner.Engine\Viki.LoadRunner.Engine.csproj", "{AF9183C0-B96D-4854-96C5-3042513CF754}"
EndProject
Project("{FAE04EC0-301F-11D3-BF4B-00C04F79EFBC}") = "Viki.LoadRunner.Playground", "src\Viki.LoadRunner.Playground\Viki.LoadRunner.Playground.csproj", "{507429BD-41E3-456B-B602-F8AE40F885B8}"
EndProject
Global
	GlobalSection(SolutionConfigurationPlatforms) = preSolution
		Debug|Any CPU = Debug|Any CPU
		Release|Any CPU = Release|Any CPU
	EndGlobalSection
	GlobalSection(ProjectConfigurationPlatforms) = postSolution
		{AF9183C0-B96D-4854-96C5-3042513CF754}.Debug|Any CPU.ActiveCfg = Debug|Any CPU
		{AF9183C0-B96D-4854-96C5-3042513CF754}.Debug|Any CPU.Build.0 = Debug|Any CPU
		{AF9183C0-B96D-4854-96C5-3042513CF754}.Release|Any CPU.ActiveCfg = Release|Any CPU
		{AF9183C0-B96D-4854-96C5-3042513CF754}.Release|Any CPU.Build.0 = Release|Any CPU
		{507429BD-41E3-456B-B602-F8AE40F885B8}.Debug|Any CPU.ActiveCfg = Debug|Any CPU
		{507429BD-41E3-456B-B602-F8AE40F885B8}.Debug|Any CPU.Build.0 = Debug|Any CPU
		{507429BD-41E3-456B-B602-F8AE40F885B8}.Release|Any CPU.ActiveCfg = Release|Any CPU
		{507429BD-41E3-456B-B602-F8AE40F885B8}.Release|Any CPU.Build.0 = Release|Any CPU
	EndGlobalSection
	GlobalSection(SolutionProperties) = preSolution
		HideSolutionNode = FALSE
	EndGlobalSection
EndGlobal
