
Microsoft Visual Studio Solution File, Format Version 12.00
# Visual Studio 15
VisualStudioVersion = 15.0.27130.2024
MinimumVisualStudioVersion = 10.0.40219.1
Project("{FAE04EC0-301F-11D3-BF4B-00C04F79EFBC}") = "LoadRunner.Demo", "LoadRunner.Demo.csproj", "{E3DA725E-873C-4CDC-9DCD-272A8D6FF7A3}"
EndProject
Project("{FAE04EC0-301F-11D3-BF4B-00C04F79EFBC}") = "LoadRunner.Benchmark", "LoadRunner.Benchmark\LoadRunner.Benchmark.csproj", "{F7FBAC95-F82F-4872-A458-01356A8B7247}"
EndProject
Global
	GlobalSection(SolutionConfigurationPlatforms) = preSolution
		Debug|Any CPU = Debug|Any CPU
		Release|Any CPU = Release|Any CPU
	EndGlobalSection
	GlobalSection(ProjectConfigurationPlatforms) = postSolution
		{E3DA725E-873C-4CDC-9DCD-272A8D6FF7A3}.Debug|Any CPU.ActiveCfg = Debug|Any CPU
		{E3DA725E-873C-4CDC-9DCD-272A8D6FF7A3}.Debug|Any CPU.Build.0 = Debug|Any CPU
		{E3DA725E-873C-4CDC-9DCD-272A8D6FF7A3}.Release|Any CPU.ActiveCfg = Release|Any CPU
		{E3DA725E-873C-4CDC-9DCD-272A8D6FF7A3}.Release|Any CPU.Build.0 = Release|Any CPU
		{F7FBAC95-F82F-4872-A458-01356A8B7247}.Debug|Any CPU.ActiveCfg = Debug|Any CPU
		{F7FBAC95-F82F-4872-A458-01356A8B7247}.Debug|Any CPU.Build.0 = Debug|Any CPU
		{F7FBAC95-F82F-4872-A458-01356A8B7247}.Release|Any CPU.ActiveCfg = Release|Any CPU
		{F7FBAC95-F82F-4872-A458-01356A8B7247}.Release|Any CPU.Build.0 = Release|Any CPU
	EndGlobalSection
	GlobalSection(SolutionProperties) = preSolution
		HideSolutionNode = FALSE
	EndGlobalSection
	GlobalSection(ExtensibilityGlobals) = postSolution
		SolutionGuid = {E900CC96-4402-4B65-9B9F-E8337AB0A14E}
	EndGlobalSection
EndGlobal
